Microsoft Visual Studio Solution File, Format Version 12.00
# Visual Studio Version 17
VisualStudioVersion = 17.5.2.0
MinimumVisualStudioVersion = 10.0.40219.1
Project("{FAE04EC0-301F-11D3-BF4B-00C04F79EFBC}") = "FingerPrint", "FingerPrint.csproj", "{094E1E18-DB69-68A3-435D-2F9ABA8C0A25}"
EndProject
Global
	GlobalSection(SolutionConfigurationPlatforms) = preSolution
		Debug|Any CPU = Debug|Any CPU
		Release|Any CPU = Release|Any CPU
	EndGlobalSection
	GlobalSection(ProjectConfigurationPlatforms) = postSolution
		{094E1E18-DB69-68A3-435D-2F9ABA8C0A25}.Debug|Any CPU.ActiveCfg = Debug|Any CPU
		{094E1E18-DB69-68A3-435D-2F9ABA8C0A25}.Debug|Any CPU.Build.0 = Debug|Any CPU
		{094E1E18-DB69-68A3-435D-2F9ABA8C0A25}.Release|Any CPU.ActiveCfg = Release|Any CPU
		{094E1E18-DB69-68A3-435D-2F9ABA8C0A25}.Release|Any CPU.Build.0 = Release|Any CPU
	EndGlobalSection
	GlobalSection(SolutionProperties) = preSolution
		HideSolutionNode = FALSE
	EndGlobalSection
	GlobalSection(ExtensibilityGlobals) = postSolution
		SolutionGuid = {6136E3C5-DEC2-40F0-8431-21637AFE9713}
	EndGlobalSection
EndGlobal
